// !$*UTF8*$!
{
	archiveVersion = 1;
	classes = {
	};
	objectVersion = 50;
	objects = {

/* Begin PBXBuildFile section */
		4C77CD7022D835E3008232E9 /* AppDelegate.swift in Sources */ = {isa = PBXBuildFile; fileRef = 4C77CD6F22D835E3008232E9 /* AppDelegate.swift */; };
		4C77CD7222D835E3008232E9 /* art.scnassets in Resources */ = {isa = PBXBuildFile; fileRef = 4C77CD7122D835E3008232E9 /* art.scnassets */; };
		4C77CD7422D835E3008232E9 /* ViewController.swift in Sources */ = {isa = PBXBuildFile; fileRef = 4C77CD7322D835E3008232E9 /* ViewController.swift */; };
		4C77CD7722D835E3008232E9 /* Main.storyboard in Resources */ = {isa = PBXBuildFile; fileRef = 4C77CD7522D835E3008232E9 /* Main.storyboard */; };
		4C77CD7922D835E3008232E9 /* Assets.xcassets in Resources */ = {isa = PBXBuildFile; fileRef = 4C77CD7822D835E3008232E9 /* Assets.xcassets */; };
		4C77CD7C22D835E3008232E9 /* LaunchScreen.storyboard in Resources */ = {isa = PBXBuildFile; fileRef = 4C77CD7A22D835E3008232E9 /* LaunchScreen.storyboard */; };
		4C77CD8722D835E3008232E9 /* jpARStartTests.swift in Sources */ = {isa = PBXBuildFile; fileRef = 4C77CD8622D835E3008232E9 /* jpARStartTests.swift */; };
		4C77CD9222D835E3008232E9 /* jpARStartUITests.swift in Sources */ = {isa = PBXBuildFile; fileRef = 4C77CD9122D835E3008232E9 /* jpARStartUITests.swift */; };
/* End PBXBuildFile section */

/* Begin PBXContainerItemProxy section */
		4C77CD8322D835E3008232E9 /* PBXContainerItemProxy */ = {
			isa = PBXContainerItemProxy;
			containerPortal = 4C77CD6422D835E3008232E9 /* Project object */;
			proxyType = 1;
			remoteGlobalIDString = 4C77CD6B22D835E3008232E9;
			remoteInfo = jpARStart;
		};
		4C77CD8E22D835E3008232E9 /* PBXContainerItemProxy */ = {
			isa = PBXContainerItemProxy;
			containerPortal = 4C77CD6422D835E3008232E9 /* Project object */;
			proxyType = 1;
			remoteGlobalIDString = 4C77CD6B22D835E3008232E9;
			remoteInfo = jpARStart;
		};
/* End PBXContainerItemProxy section */

/* Begin PBXFileReference section */
		4C77CD6C22D835E3008232E9 /* jpARStart.app */ = {isa = PBXFileReference; explicitFileType = wrapper.application; includeInIndex = 0; path = jpARStart.app; sourceTree = BUILT_PRODUCTS_DIR; };
		4C77CD6F22D835E3008232E9 /* AppDelegate.swift */ = {isa = PBXFileReference; lastKnownFileType = sourcecode.swift; path = AppDelegate.swift; sourceTree = "<group>"; };
		4C77CD7122D835E3008232E9 /* art.scnassets */ = {isa = PBXFileReference; lastKnownFileType = wrapper.scnassets; path = art.scnassets; sourceTree = "<group>"; };
		4C77CD7322D835E3008232E9 /* ViewController.swift */ = {isa = PBXFileReference; lastKnownFileType = sourcecode.swift; path = ViewController.swift; sourceTree = "<group>"; };
		4C77CD7622D835E3008232E9 /* Base */ = {isa = PBXFileReference; lastKnownFileType = file.storyboard; name = Base; path = Base.lproj/Main.storyboard; sourceTree = "<group>"; };
		4C77CD7822D835E3008232E9 /* Assets.xcassets */ = {isa = PBXFileReference; lastKnownFileType = folder.assetcatalog; path = Assets.xcassets; sourceTree = "<group>"; };
		4C77CD7B22D835E3008232E9 /* Base */ = {isa = PBXFileReference; lastKnownFileType = file.storyboard; name = Base; path = Base.lproj/LaunchScreen.storyboard; sourceTree = "<group>"; };
		4C77CD7D22D835E3008232E9 /* Info.plist */ = {isa = PBXFileReference; lastKnownFileType = text.plist.xml; path = Info.plist; sourceTree = "<group>"; };
		4C77CD8222D835E3008232E9 /* jpARStartTests.xctest */ = {isa = PBXFileReference; explicitFileType = wrapper.cfbundle; includeInIndex = 0; path = jpARStartTests.xctest; sourceTree = BUILT_PRODUCTS_DIR; };
		4C77CD8622D835E3008232E9 /* jpARStartTests.swift */ = {isa = PBXFileReference; lastKnownFileType = sourcecode.swift; path = jpARStartTests.swift; sourceTree = "<group>"; };
		4C77CD8822D835E3008232E9 /* Info.plist */ = {isa = PBXFileReference; lastKnownFileType = text.plist.xml; path = Info.plist; sourceTree = "<group>"; };
		4C77CD8D22D835E3008232E9 /* jpARStartUITests.xctest */ = {isa = PBXFileReference; explicitFileType = wrapper.cfbundle; includeInIndex = 0; path = jpARStartUITests.xctest; sourceTree = BUILT_PRODUCTS_DIR; };
		4C77CD9122D835E3008232E9 /* jpARStartUITests.swift */ = {isa = PBXFileReference; lastKnownFileType = sourcecode.swift; path = jpARStartUITests.swift; sourceTree = "<group>"; };
		4C77CD9322D835E3008232E9 /* Info.plist */ = {isa = PBXFileReference; lastKnownFileType = text.plist.xml; path = Info.plist; sourceTree = "<group>"; };
/* End PBXFileReference section */

/* Begin PBXFrameworksBuildPhase section */
		4C77CD6922D835E3008232E9 /* Frameworks */ = {
			isa = PBXFrameworksBuildPhase;
			buildActionMask = 2147483647;
			files = (
			);
			runOnlyForDeploymentPostprocessing = 0;
		};
		4C77CD7F22D835E3008232E9 /* Frameworks */ = {
			isa = PBXFrameworksBuildPhase;
			buildActionMask = 2147483647;
			files = (
			);
			runOnlyForDeploymentPostprocessing = 0;
		};
		4C77CD8A22D835E3008232E9 /* Frameworks */ = {
			isa = PBXFrameworksBuildPhase;
			buildActionMask = 2147483647;
			files = (
			);
			runOnlyForDeploymentPostprocessing = 0;
		};
/* End PBXFrameworksBuildPhase section */

/* Begin PBXGroup section */
		4C77CD6322D835E3008232E9 = {
			isa = PBXGroup;
			children = (
				4C77CD6E22D835E3008232E9 /* jpARStart */,
				4C77CD8522D835E3008232E9 /* jpARStartTests */,
				4C77CD9022D835E3008232E9 /* jpARStartUITests */,
				4C77CD6D22D835E3008232E9 /* Products */,
			);
			sourceTree = "<group>";
		};
		4C77CD6D22D835E3008232E9 /* Products */ = {
			isa = PBXGroup;
			children = (
				4C77CD6C22D835E3008232E9 /* jpARStart.app */,
				4C77CD8222D835E3008232E9 /* jpARStartTests.xctest */,
				4C77CD8D22D835E3008232E9 /* jpARStartUITests.xctest */,
			);
			name = Products;
			sourceTree = "<group>";
		};
		4C77CD6E22D835E3008232E9 /* jpARStart */ = {
			isa = PBXGroup;
			children = (
				4C77CD6F22D835E3008232E9 /* AppDelegate.swift */,
				4C77CD7122D835E3008232E9 /* art.scnassets */,
				4C77CD7322D835E3008232E9 /* ViewController.swift */,
				4C77CD7522D835E3008232E9 /* Main.storyboard */,
				4C77CD7822D835E3008232E9 /* Assets.xcassets */,
				4C77CD7A22D835E3008232E9 /* LaunchScreen.storyboard */,
				4C77CD7D22D835E3008232E9 /* Info.plist */,
			);
			path = jpARStart;
			sourceTree = "<group>";
		};
		4C77CD8522D835E3008232E9 /* jpARStartTests */ = {
			isa = PBXGroup;
			children = (
				4C77CD8622D835E3008232E9 /* jpARStartTests.swift */,
				4C77CD8822D835E3008232E9 /* Info.plist */,
			);
			path = jpARStartTests;
			sourceTree = "<group>";
		};
		4C77CD9022D835E3008232E9 /* jpARStartUITests */ = {
			isa = PBXGroup;
			children = (
				4C77CD9122D835E3008232E9 /* jpARStartUITests.swift */,
				4C77CD9322D835E3008232E9 /* Info.plist */,
			);
			path = jpARStartUITests;
			sourceTree = "<group>";
		};
/* End PBXGroup section */

/* Begin PBXNativeTarget section */
		4C77CD6B22D835E3008232E9 /* jpARStart */ = {
			isa = PBXNativeTarget;
			buildConfigurationList = 4C77CD9622D835E3008232E9 /* Build configuration list for PBXNativeTarget "jpARStart" */;
			buildPhases = (
				4C77CD6822D835E3008232E9 /* Sources */,
				4C77CD6922D835E3008232E9 /* Frameworks */,
				4C77CD6A22D835E3008232E9 /* Resources */,
			);
			buildRules = (
			);
			dependencies = (
			);
			name = jpARStart;
			productName = jpARStart;
			productReference = 4C77CD6C22D835E3008232E9 /* jpARStart.app */;
			productType = "com.apple.product-type.application";
		};
		4C77CD8122D835E3008232E9 /* jpARStartTests */ = {
			isa = PBXNativeTarget;
			buildConfigurationList = 4C77CD9922D835E3008232E9 /* Build configuration list for PBXNativeTarget "jpARStartTests" */;
			buildPhases = (
				4C77CD7E22D835E3008232E9 /* Sources */,
				4C77CD7F22D835E3008232E9 /* Frameworks */,
				4C77CD8022D835E3008232E9 /* Resources */,
			);
			buildRules = (
			);
			dependencies = (
				4C77CD8422D835E3008232E9 /* PBXTargetDependency */,
			);
			name = jpARStartTests;
			productName = jpARStartTests;
			productReference = 4C77CD8222D835E3008232E9 /* jpARStartTests.xctest */;
			productType = "com.apple.product-type.bundle.unit-test";
		};
		4C77CD8C22D835E3008232E9 /* jpARStartUITests */ = {
			isa = PBXNativeTarget;
			buildConfigurationList = 4C77CD9C22D835E3008232E9 /* Build configuration list for PBXNativeTarget "jpARStartUITests" */;
			buildPhases = (
				4C77CD8922D835E3008232E9 /* Sources */,
				4C77CD8A22D835E3008232E9 /* Frameworks */,
				4C77CD8B22D835E3008232E9 /* Resources */,
			);
			buildRules = (
			);
			dependencies = (
				4C77CD8F22D835E3008232E9 /* PBXTargetDependency */,
			);
			name = jpARStartUITests;
			productName = jpARStartUITests;
			productReference = 4C77CD8D22D835E3008232E9 /* jpARStartUITests.xctest */;
			productType = "com.apple.product-type.bundle.ui-testing";
		};
/* End PBXNativeTarget section */

/* Begin PBXProject section */
		4C77CD6422D835E3008232E9 /* Project object */ = {
			isa = PBXProject;
			attributes = {
				LastSwiftUpdateCheck = 1020;
				LastUpgradeCheck = 1020;
				ORGANIZATIONNAME = "Michael Lie";
				TargetAttributes = {
					4C77CD6B22D835E3008232E9 = {
						CreatedOnToolsVersion = 10.2.1;
					};
					4C77CD8122D835E3008232E9 = {
						CreatedOnToolsVersion = 10.2.1;
						TestTargetID = 4C77CD6B22D835E3008232E9;
					};
					4C77CD8C22D835E3008232E9 = {
						CreatedOnToolsVersion = 10.2.1;
						TestTargetID = 4C77CD6B22D835E3008232E9;
					};
				};
			};
			buildConfigurationList = 4C77CD6722D835E3008232E9 /* Build configuration list for PBXProject "jpARStart" */;
			compatibilityVersion = "Xcode 9.3";
			developmentRegion = en;
			hasScannedForEncodings = 0;
			knownRegions = (
				en,
				Base,
			);
			mainGroup = 4C77CD6322D835E3008232E9;
			productRefGroup = 4C77CD6D22D835E3008232E9 /* Products */;
			projectDirPath = "";
			projectRoot = "";
			targets = (
				4C77CD6B22D835E3008232E9 /* jpARStart */,
				4C77CD8122D835E3008232E9 /* jpARStartTests */,
				4C77CD8C22D835E3008232E9 /* jpARStartUITests */,
			);
		};
/* End PBXProject section */

/* Begin PBXResourcesBuildPhase section */
		4C77CD6A22D835E3008232E9 /* Resources */ = {
			isa = PBXResourcesBuildPhase;
			buildActionMask = 2147483647;
			files = (
				4C77CD7222D835E3008232E9 /* art.scnassets in Resources */,
				4C77CD7C22D835E3008232E9 /* LaunchScreen.storyboard in Resources */,
				4C77CD7922D835E3008232E9 /* Assets.xcassets in Resources */,
				4C77CD7722D835E3008232E9 /* Main.storyboard in Resources */,
			);
			runOnlyForDeploymentPostprocessing = 0;
		};
		4C77CD8022D835E3008232E9 /* Resources */ = {
			isa = PBXResourcesBuildPhase;
			buildActionMask = 2147483647;
			files = (
			);
			runOnlyForDeploymentPostprocessing = 0;
		};
		4C77CD8B22D835E3008232E9 /* Resources */ = {
			isa = PBXResourcesBuildPhase;
			buildActionMask = 2147483647;
			files = (
			);
			runOnlyForDeploymentPostprocessing = 0;
		};
/* End PBXResourcesBuildPhase section */

/* Begin PBXSourcesBuildPhase section */
		4C77CD6822D835E3008232E9 /* Sources */ = {
			isa = PBXSourcesBuildPhase;
			buildActionMask = 2147483647;
			files = (
				4C77CD7422D835E3008232E9 /* ViewController.swift in Sources */,
				4C77CD7022D835E3008232E9 /* AppDelegate.swift in Sources */,
			);
			runOnlyForDeploymentPostprocessing = 0;
		};
		4C77CD7E22D835E3008232E9 /* Sources */ = {
			isa = PBXSourcesBuildPhase;
			buildActionMask = 2147483647;
			files = (
				4C77CD8722D835E3008232E9 /* jpARStartTests.swift in Sources */,
			);
			runOnlyForDeploymentPostprocessing = 0;
		};
		4C77CD8922D835E3008232E9 /* Sources */ = {
			isa = PBXSourcesBuildPhase;
			buildActionMask = 2147483647;
			files = (
				4C77CD9222D835E3008232E9 /* jpARStartUITests.swift in Sources */,
			);
			runOnlyForDeploymentPostprocessing = 0;
		};
/* End PBXSourcesBuildPhase section */

/* Begin PBXTargetDependency section */
		4C77CD8422D835E3008232E9 /* PBXTargetDependency */ = {
			isa = PBXTargetDependency;
			target = 4C77CD6B22D835E3008232E9 /* jpARStart */;
			targetProxy = 4C77CD8322D835E3008232E9 /* PBXContainerItemProxy */;
		};
		4C77CD8F22D835E3008232E9 /* PBXTargetDependency */ = {
			isa = PBXTargetDependency;
			target = 4C77CD6B22D835E3008232E9 /* jpARStart */;
			targetProxy = 4C77CD8E22D835E3008232E9 /* PBXContainerItemProxy */;
		};
/* End PBXTargetDependency section */

/* Begin PBXVariantGroup section */
		4C77CD7522D835E3008232E9 /* Main.storyboard */ = {
			isa = PBXVariantGroup;
			children = (
				4C77CD7622D835E3008232E9 /* Base */,
			);
			name = Main.storyboard;
			sourceTree = "<group>";
		};
		4C77CD7A22D835E3008232E9 /* LaunchScreen.storyboard */ = {
			isa = PBXVariantGroup;
			children = (
				4C77CD7B22D835E3008232E9 /* Base */,
			);
			name = LaunchScreen.storyboard;
			sourceTree = "<group>";
		};
/* End PBXVariantGroup section */

/* Begin XCBuildConfiguration section */
		4C77CD9422D835E3008232E9 /* Debug */ = {
			isa = XCBuildConfiguration;
			buildSettings = {
				ALWAYS_SEARCH_USER_PATHS = NO;
				CLANG_ANALYZER_NONNULL = YES;
				CLANG_ANALYZER_NUMBER_OBJECT_CONVERSION = YES_AGGRESSIVE;
				CLANG_CXX_LANGUAGE_STANDARD = "gnu++14";
				CLANG_CXX_LIBRARY = "libc++";
				CLANG_ENABLE_MODULES = YES;
				CLANG_ENABLE_OBJC_ARC = YES;
				CLANG_ENABLE_OBJC_WEAK = YES;
				CLANG_WARN_BLOCK_CAPTURE_AUTORELEASING = YES;
				CLANG_WARN_BOOL_CONVERSION = YES;
				CLANG_WARN_COMMA = YES;
				CLANG_WARN_CONSTANT_CONVERSION = YES;
				CLANG_WARN_DEPRECATED_OBJC_IMPLEMENTATIONS = YES;
				CLANG_WARN_DIRECT_OBJC_ISA_USAGE = YES_ERROR;
				CLANG_WARN_DOCUMENTATION_COMMENTS = YES;
				CLANG_WARN_EMPTY_BODY = YES;
				CLANG_WARN_ENUM_CONVERSION = YES;
				CLANG_WARN_INFINITE_RECURSION = YES;
				CLANG_WARN_INT_CONVERSION = YES;
				CLANG_WARN_NON_LITERAL_NULL_CONVERSION = YES;
				CLANG_WARN_OBJC_IMPLICIT_RETAIN_SELF = YES;
				CLANG_WARN_OBJC_LITERAL_CONVERSION = YES;
				CLANG_WARN_OBJC_ROOT_CLASS = YES_ERROR;
				CLANG_WARN_RANGE_LOOP_ANALYSIS = YES;
				CLANG_WARN_STRICT_PROTOTYPES = YES;
				CLANG_WARN_SUSPICIOUS_MOVE = YES;
				CLANG_WARN_UNGUARDED_AVAILABILITY = YES_AGGRESSIVE;
				CLANG_WARN_UNREACHABLE_CODE = YES;
				CLANG_WARN__DUPLICATE_METHOD_MATCH = YES;
				CODE_SIGN_IDENTITY = "iPhone Developer";
				COPY_PHASE_STRIP = NO;
				DEBUG_INFORMATION_FORMAT = dwarf;
				ENABLE_STRICT_OBJC_MSGSEND = YES;
				ENABLE_TESTABILITY = YES;
				GCC_C_LANGUAGE_STANDARD = gnu11;
				GCC_DYNAMIC_NO_PIC = NO;
				GCC_NO_COMMON_BLOCKS = YES;
				GCC_OPTIMIZATION_LEVEL = 0;
				GCC_PREPROCESSOR_DEFINITIONS = (
					"DEBUG=1",
					"$(inherited)",
				);
				GCC_WARN_64_TO_32_BIT_CONVERSION = YES;
				GCC_WARN_ABOUT_RETURN_TYPE = YES_ERROR;
				GCC_WARN_UNDECLARED_SELECTOR = YES;
				GCC_WARN_UNINITIALIZED_AUTOS = YES_AGGRESSIVE;
				GCC_WARN_UNUSED_FUNCTION = YES;
				GCC_WARN_UNUSED_VARIABLE = YES;
				IPHONEOS_DEPLOYMENT_TARGET = 12.2;
				MTL_ENABLE_DEBUG_INFO = INCLUDE_SOURCE;
				MTL_FAST_MATH = YES;
				ONLY_ACTIVE_ARCH = YES;
				SDKROOT = iphoneos;
				SWIFT_ACTIVE_COMPILATION_CONDITIONS = DEBUG;
				SWIFT_OPTIMIZATION_LEVEL = "-Onone";
			};
			name = Debug;
		};
		4C77CD9522D835E3008232E9 /* Release */ = {
			isa = XCBuildConfiguration;
			buildSettings = {
				ALWAYS_SEARCH_USER_PATHS = NO;
				CLANG_ANALYZER_NONNULL = YES;
				CLANG_ANALYZER_NUMBER_OBJECT_CONVERSION = YES_AGGRESSIVE;
				CLANG_CXX_LANGUAGE_STANDARD = "gnu++14";
				CLANG_CXX_LIBRARY = "libc++";
				CLANG_ENABLE_MODULES = YES;
				CLANG_ENABLE_OBJC_ARC = YES;
				CLANG_ENABLE_OBJC_WEAK = YES;
				CLANG_WARN_BLOCK_CAPTURE_AUTORELEASING = YES;
				CLANG_WARN_BOOL_CONVERSION = YES;
				CLANG_WARN_COMMA = YES;
				CLANG_WARN_CONSTANT_CONVERSION = YES;
				CLANG_WARN_DEPRECATED_OBJC_IMPLEMENTATIONS = YES;
				CLANG_WARN_DIRECT_OBJC_ISA_USAGE = YES_ERROR;
				CLANG_WARN_DOCUMENTATION_COMMENTS = YES;
				CLANG_WARN_EMPTY_BODY = YES;
				CLANG_WARN_ENUM_CONVERSION = YES;
				CLANG_WARN_INFINITE_RECURSION = YES;
				CLANG_WARN_INT_CONVERSION = YES;
				CLANG_WARN_NON_LITERAL_NULL_CONVERSION = YES;
				CLANG_WARN_OBJC_IMPLICIT_RETAIN_SELF = YES;
				CLANG_WARN_OBJC_LITERAL_CONVERSION = YES;
				CLANG_WARN_OBJC_ROOT_CLASS = YES_ERROR;
				CLANG_WARN_RANGE_LOOP_ANALYSIS = YES;
				CLANG_WARN_STRICT_PROTOTYPES = YES;
				CLANG_WARN_SUSPICIOUS_MOVE = YES;
				CLANG_WARN_UNGUARDED_AVAILABILITY = YES_AGGRESSIVE;
				CLANG_WARN_UNREACHABLE_CODE = YES;
				CLANG_WARN__DUPLICATE_METHOD_MATCH = YES;
				CODE_SIGN_IDENTITY = "iPhone Developer";
				COPY_PHASE_STRIP = NO;
				DEBUG_INFORMATION_FORMAT = "dwarf-with-dsym";
				ENABLE_NS_ASSERTIONS = NO;
				ENABLE_STRICT_OBJC_MSGSEND = YES;
				GCC_C_LANGUAGE_STANDARD = gnu11;
				GCC_NO_COMMON_BLOCKS = YES;
				GCC_WARN_64_TO_32_BIT_CONVERSION = YES;
				GCC_WARN_ABOUT_RETURN_TYPE = YES_ERROR;
				GCC_WARN_UNDECLARED_SELECTOR = YES;
				GCC_WARN_UNINITIALIZED_AUTOS = YES_AGGRESSIVE;
				GCC_WARN_UNUSED_FUNCTION = YES;
				GCC_WARN_UNUSED_VARIABLE = YES;
				IPHONEOS_DEPLOYMENT_TARGET = 12.2;
				MTL_ENABLE_DEBUG_INFO = NO;
				MTL_FAST_MATH = YES;
				SDKROOT = iphoneos;
				SWIFT_COMPILATION_MODE = wholemodule;
				SWIFT_OPTIMIZATION_LEVEL = "-O";
				VALIDATE_PRODUCT = YES;
			};
			name = Release;
		};
		4C77CD9722D835E3008232E9 /* Debug */ = {
			isa = XCBuildConfiguration;
			buildSettings = {
				ASSETCATALOG_COMPILER_APPICON_NAME = AppIcon;
				CODE_SIGN_STYLE = Automatic;
				DEVELOPMENT_TEAM = 9TQV4K983S;
				INFOPLIST_FILE = jpARStart/Info.plist;
				LD_RUNPATH_SEARCH_PATHS = (
					"$(inherited)",
					"@executable_path/Frameworks",
				);
				PRODUCT_BUNDLE_IDENTIFIER = com.jpARStart;
				PRODUCT_NAME = "$(TARGET_NAME)";
				SWIFT_VERSION = 5.0;
				TARGETED_DEVICE_FAMILY = "1,2";
			};
			name = Debug;
		};
		4C77CD9822D835E3008232E9 /* Release */ = {
			isa = XCBuildConfiguration;
			buildSettings = {
				ASSETCATALOG_COMPILER_APPICON_NAME = AppIcon;
				CODE_SIGN_STYLE = Automatic;
				DEVELOPMENT_TEAM = 9TQV4K983S;
				INFOPLIST_FILE = jpARStart/Info.plist;
				LD_RUNPATH_SEARCH_PATHS = (
					"$(inherited)",
					"@executable_path/Frameworks",
				);
				PRODUCT_BUNDLE_IDENTIFIER = com.jpARStart;
				PRODUCT_NAME = "$(TARGET_NAME)";
				SWIFT_VERSION = 5.0;
				TARGETED_DEVICE_FAMILY = "1,2";
			};
			name = Release;
		};
		4C77CD9A22D835E3008232E9 /* Debug */ = {
			isa = XCBuildConfiguration;
			buildSettings = {
				ALWAYS_EMBED_SWIFT_STANDARD_LIBRARIES = YES;
				BUNDLE_LOADER = "$(TEST_HOST)";
				CODE_SIGN_STYLE = Automatic;
				DEVELOPMENT_TEAM = 9TQV4K983S;
				INFOPLIST_FILE = jpARStartTests/Info.plist;
				LD_RUNPATH_SEARCH_PATHS = (
					"$(inherited)",
					"@executable_path/Frameworks",
					"@loader_path/Frameworks",
				);
				PRODUCT_BUNDLE_IDENTIFIER = com.jpARStartTests;
				PRODUCT_NAME = "$(TARGET_NAME)";
				SWIFT_VERSION = 5.0;
				TARGETED_DEVICE_FAMILY = "1,2";
				TEST_HOST = "$(BUILT_PRODUCTS_DIR)/jpARStart.app/jpARStart";
			};
			name = Debug;
		};
		4C77CD9B22D835E3008232E9 /* Release */ = {
			isa = XCBuildConfiguration;
			buildSettings = {
				ALWAYS_EMBED_SWIFT_STANDARD_LIBRARIES = YES;
				BUNDLE_LOADER = "$(TEST_HOST)";
				CODE_SIGN_STYLE = Automatic;
				DEVELOPMENT_TEAM = 9TQV4K983S;
				INFOPLIST_FILE = jpARStartTests/Info.plist;
				LD_RUNPATH_SEARCH_PATHS = (
					"$(inherited)",
					"@executable_path/Frameworks",
					"@loader_path/Frameworks",
				);
				PRODUCT_BUNDLE_IDENTIFIER = com.jpARStartTests;
				PRODUCT_NAME = "$(TARGET_NAME)";
				SWIFT_VERSION = 5.0;
				TARGETED_DEVICE_FAMILY = "1,2";
				TEST_HOST = "$(BUILT_PRODUCTS_DIR)/jpARStart.app/jpARStart";
			};
			name = Release;
		};
		4C77CD9D22D835E3008232E9 /* Debug */ = {
			isa = XCBuildConfiguration;
			buildSettings = {
				ALWAYS_EMBED_SWIFT_STANDARD_LIBRARIES = YES;
				CODE_SIGN_STYLE = Automatic;
				DEVELOPMENT_TEAM = 9TQV4K983S;
				INFOPLIST_FILE = jpARStartUITests/Info.plist;
				LD_RUNPATH_SEARCH_PATHS = (
					"$(inherited)",
					"@executable_path/Frameworks",
					"@loader_path/Frameworks",
				);
				PRODUCT_BUNDLE_IDENTIFIER = com.jpARStartUITests;
				PRODUCT_NAME = "$(TARGET_NAME)";
				SWIFT_VERSION = 5.0;
				TARGETED_DEVICE_FAMILY = "1,2";
				TEST_TARGET_NAME = jpARStart;
			};
			name = Debug;
		};
		4C77CD9E22D835E3008232E9 /* Release */ = {
			isa = XCBuildConfiguration;
			buildSettings = {
				ALWAYS_EMBED_SWIFT_STANDARD_LIBRARIES = YES;
				CODE_SIGN_STYLE = Automatic;
				DEVELOPMENT_TEAM = 9TQV4K983S;
				INFOPLIST_FILE = jpARStartUITests/Info.plist;
				LD_RUNPATH_SEARCH_PATHS = (
					"$(inherited)",
					"@executable_path/Frameworks",
					"@loader_path/Frameworks",
				);
				PRODUCT_BUNDLE_IDENTIFIER = com.jpARStartUITests;
				PRODUCT_NAME = "$(TARGET_NAME)";
				SWIFT_VERSION = 5.0;
				TARGETED_DEVICE_FAMILY = "1,2";
				TEST_TARGET_NAME = jpARStart;
			};
			name = Release;
		};
/* End XCBuildConfiguration section */

/* Begin XCConfigurationList section */
		4C77CD6722D835E3008232E9 /* Build configuration list for PBXProject "jpARStart" */ = {
			isa = XCConfigurationList;
			buildConfigurations = (
				4C77CD9422D835E3008232E9 /* Debug */,
				4C77CD9522D835E3008232E9 /* Release */,
			);
			defaultConfigurationIsVisible = 0;
			defaultConfigurationName = Release;
		};
		4C77CD9622D835E3008232E9 /* Build configuration list for PBXNativeTarget "jpARStart" */ = {
			isa = XCConfigurationList;
			buildConfigurations = (
				4C77CD9722D835E3008232E9 /* Debug */,
				4C77CD9822D835E3008232E9 /* Release */,
			);
			defaultConfigurationIsVisible = 0;
			defaultConfigurationName = Release;
		};
		4C77CD9922D835E3008232E9 /* Build configuration list for PBXNativeTarget "jpARStartTests" */ = {
			isa = XCConfigurationList;
			buildConfigurations = (
				4C77CD9A22D835E3008232E9 /* Debug */,
				4C77CD9B22D835E3008232E9 /* Release */,
			);
			defaultConfigurationIsVisible = 0;
			defaultConfigurationName = Release;
		};
		4C77CD9C22D835E3008232E9 /* Build configuration list for PBXNativeTarget "jpARStartUITests" */ = {
			isa = XCConfigurationList;
			buildConfigurations = (
				4C77CD9D22D835E3008232E9 /* Debug */,
				4C77CD9E22D835E3008232E9 /* Release */,
			);
			defaultConfigurationIsVisible = 0;
			defaultConfigurationName = Release;
		};
/* End XCConfigurationList section */
	};
	rootObject = 4C77CD6422D835E3008232E9 /* Project object */;
}
